PODS:
  - AFNetworking (3.0.4):
    - AFNetworking/NSURLSession (= 3.0.4)
    - AFNetworking/Reachability (= 3.0.4)
    - AFNetworking/Security (= 3.0.4)
    - AFNetworking/Serialization (= 3.0.4)
    - AFNetworking/UIKit (= 3.0.4)
  - AFNetworking/NSURLSession (3.0.4):
    - AFNetworking/Reachability
    - AFNetworking/Security
    - AFNetworking/Serialization
  - AFNetworking/Reachability (3.0.4)
  - AFNetworking/Security (3.0.4)
  - AFNetworking/Serialization (3.0.4)
  - AFNetworking/UIKit (3.0.4):
    - AFNetworking/NSURLSession
  - HYNetworking (0.1.0):
    - AFNetworking (~> 3.0.4)

DEPENDENCIES:
  - HYNetworking (from `../`)

EXTERNAL SOURCES:
  HYNetworking:
    :path: ../

SPEC CHECKSUMS:
  AFNetworking: a0075feb321559dc78d9d85b55d11caa19eabb93
  HYNetworking: 06cc0e5d7be4d39f906ab5ddd083e6fe7b97bcdc

PODFILE CHECKSUM: 015758b4bf99d528a857a9818c703d45d355929e

COCOAPODS: 1.0.0.beta.4
